// !$*UTF8*$!
{
	archiveVersion = 1;
	classes = {
	};
	objectVersion = 46;
	objects = {

/* Begin PBXBuildFile section */
		3E83AC9D19899ABF0048331B /* ArcGIS.bundle in Resources */ = {isa = PBXBuildFile; fileRef = 3E83AC9C19899ABF0048331B /* ArcGIS.bundle */; };
		3EA4C34019898CDC006A2AA0 /* AppDelegate.swift in Sources */ = {isa = PBXBuildFile; fileRef = 3EA4C33F19898CDC006A2AA0 /* AppDelegate.swift */; };
		3EA4C34219898CDC006A2AA0 /* ViewController.swift in Sources */ = {isa = PBXBuildFile; fileRef = 3EA4C34119898CDC006A2AA0 /* ViewController.swift */; };
		3EA4C34519898CDC006A2AA0 /* Main.storyboard in Resources */ = {isa = PBXBuildFile; fileRef = 3EA4C34319898CDC006A2AA0 /* Main.storyboard */; };
		3EA4C34719898CDC006A2AA0 /* Images.xcassets in Resources */ = {isa = PBXBuildFile; fileRef = 3EA4C34619898CDC006A2AA0 /* Images.xcassets */; };
		627431C71CBDEE2D00684B73 /* Router.swift in Sources */ = {isa = PBXBuildFile; fileRef = 627431C61CBDEE2D00684B73 /* Router.swift */; };
/* End PBXBuildFile section */

/* Begin PBXFileReference section */
		3E83AC9C19899ABF0048331B /* ArcGIS.bundle */ = {isa = PBXFileReference; lastKnownFileType = "wrapper.plug-in"; name = ArcGIS.bundle; path = $HOME/Library/SDKs/ArcGIS/iOS/ArcGIS.framework/Versions/Current/Resources/ArcGIS.bundle; sourceTree = "<absolute>"; };
		3EA4C33A19898CDC006A2AA0 /* BasemapSwiftTutorial.app */ = {isa = PBXFileReference; explicitFileType = wrapper.application; includeInIndex = 0; path = BasemapSwiftTutorial.app; sourceTree = BUILT_PRODUCTS_DIR; };
		3EA4C33E19898CDC006A2AA0 /* Info.plist */ = {isa = PBXFileReference; lastKnownFileType = text.plist.xml; path = Info.plist; sourceTree = "<group>"; };
		3EA4C33F19898CDC006A2AA0 /* AppDelegate.swift */ = {isa = PBXFileReference; lastKnownFileType = sourcecode.swift; path = AppDelegate.swift; sourceTree = "<group>"; };
		3EA4C34119898CDC006A2AA0 /* ViewController.swift */ = {isa = PBXFileReference; lastKnownFileType = sourcecode.swift; path = ViewController.swift; sourceTree = "<group>"; };
		3EA4C34419898CDC006A2AA0 /* Base */ = {isa = PBXFileReference; lastKnownFileType = file.storyboard; name = Base; path = Base.lproj/Main.storyboard; sourceTree = "<group>"; };
		3EA4C34619898CDC006A2AA0 /* Images.xcassets */ = {isa = PBXFileReference; lastKnownFileType = folder.assetcatalog; path = Images.xcassets; sourceTree = "<group>"; };
		627431C61CBDEE2D00684B73 /* Router.swift */ = {isa = PBXFileReference; fileEncoding = 4; lastKnownFileType = sourcecode.swift; path = Router.swift; sourceTree = "<group>"; };
/* End PBXFileReference section */

/* Begin PBXFrameworksBuildPhase section */
		3EA4C33719898CDC006A2AA0 /* Frameworks */ = {
			isa = PBXFrameworksBuildPhase;
			buildActionMask = 2147483647;
			files = (
			);
			runOnlyForDeploymentPostprocessing = 0;
		};
/* End PBXFrameworksBuildPhase section */

/* Begin PBXGroup section */
		3EA4C33119898CDC006A2AA0 = {
			isa = PBXGroup;
			children = (
				3EA4C33C19898CDC006A2AA0 /* MyFirstMapApp */,
				3EA4C33B19898CDC006A2AA0 /* Products */,
			);
			sourceTree = "<group>";
		};
		3EA4C33B19898CDC006A2AA0 /* Products */ = {
			isa = PBXGroup;
			children = (
				3EA4C33A19898CDC006A2AA0 /* BasemapSwiftTutorial.app */,
			);
			name = Products;
			sourceTree = "<group>";
		};
		3EA4C33C19898CDC006A2AA0 /* MyFirstMapApp */ = {
			isa = PBXGroup;
			children = (
				3EA4C33F19898CDC006A2AA0 /* AppDelegate.swift */,
				627431C61CBDEE2D00684B73 /* Router.swift */,
				3EA4C34119898CDC006A2AA0 /* ViewController.swift */,
				3EA4C34319898CDC006A2AA0 /* Main.storyboard */,
				3EA4C34619898CDC006A2AA0 /* Images.xcassets */,
				3EA4C33D19898CDC006A2AA0 /* Supporting Files */,
			);
			path = MyFirstMapApp;
			sourceTree = "<group>";
		};
		3EA4C33D19898CDC006A2AA0 /* Supporting Files */ = {
			isa = PBXGroup;
			children = (
				3E83AC9C19899ABF0048331B /* ArcGIS.bundle */,
				3EA4C33E19898CDC006A2AA0 /* Info.plist */,
			);
			name = "Supporting Files";
			sourceTree = "<group>";
		};
/* End PBXGroup section */

/* Begin PBXNativeTarget section */
		3EA4C33919898CDC006A2AA0 /* MyFirstMapApp */ = {
			isa = PBXNativeTarget;
			buildConfigurationList = 3EA4C35619898CDC006A2AA0 /* Build configuration list for PBXNativeTarget "MyFirstMapApp" */;
			buildPhases = (
				3EA4C33619898CDC006A2AA0 /* Sources */,
				3EA4C33719898CDC006A2AA0 /* Frameworks */,
				3EA4C33819898CDC006A2AA0 /* Resources */,
			);
			buildRules = (
			);
			dependencies = (
			);
			name = MyFirstMapApp;
			productName = MyFirstMapApp;
			productReference = 3EA4C33A19898CDC006A2AA0 /* BasemapSwiftTutorial.app */;
			productType = "com.apple.product-type.application";
		};
/* End PBXNativeTarget section */

/* Begin PBXProject section */
		3EA4C33219898CDC006A2AA0 /* Project object */ = {
			isa = PBXProject;
			attributes = {
				LastSwiftUpdateCheck = 0730;
				LastUpgradeCheck = 0600;
				ORGANIZATIONNAME = Esri;
				TargetAttributes = {
					3EA4C33919898CDC006A2AA0 = {
						CreatedOnToolsVersion = 6.0;
					};
				};
			};
			buildConfigurationList = 3EA4C33519898CDC006A2AA0 /* Build configuration list for PBXProject "MyFirstMapApp" */;
			compatibilityVersion = "Xcode 3.2";
			developmentRegion = English;
			hasScannedForEncodings = 0;
			knownRegions = (
				en,
				Base,
			);
			mainGroup = 3EA4C33119898CDC006A2AA0;
			productRefGroup = 3EA4C33B19898CDC006A2AA0 /* Products */;
			projectDirPath = "";
			projectRoot = "";
			targets = (
				3EA4C33919898CDC006A2AA0 /* MyFirstMapApp */,
			);
		};
/* End PBXProject section */

/* Begin PBXResourcesBuildPhase section */
		3EA4C33819898CDC006A2AA0 /* Resources */ = {
			isa = PBXResourcesBuildPhase;
			buildActionMask = 2147483647;
			files = (
				3E83AC9D19899ABF0048331B /* ArcGIS.bundle in Resources */,
				3EA4C34519898CDC006A2AA0 /* Main.storyboard in Resources */,
				3EA4C34719898CDC006A2AA0 /* Images.xcassets in Resources */,
			);
			runOnlyForDeploymentPostprocessing = 0;
		};
/* End PBXResourcesBuildPhase section */

/* Begin PBXSourcesBuildPhase section */
		3EA4C33619898CDC006A2AA0 /* Sources */ = {
			isa = PBXSourcesBuildPhase;
			buildActionMask = 2147483647;
			files = (
				3EA4C34219898CDC006A2AA0 /* ViewController.swift in Sources */,
				627431C71CBDEE2D00684B73 /* Router.swift in Sources */,
				3EA4C34019898CDC006A2AA0 /* AppDelegate.swift in Sources */,
			);
			runOnlyForDeploymentPostprocessing = 0;
		};
/* End PBXSourcesBuildPhase section */

/* Begin PBXVariantGroup section */
		3EA4C34319898CDC006A2AA0 /* Main.storyboard */ = {
			isa = PBXVariantGroup;
			children = (
				3EA4C34419898CDC006A2AA0 /* Base */,
			);
			name = Main.storyboard;
			sourceTree = "<group>";
		};
/* End PBXVariantGroup section */

/* Begin XCBuildConfiguration section */
		3EA4C35419898CDC006A2AA0 /* Debug */ = {
			isa = XCBuildConfiguration;
			buildSettings = {
				ALWAYS_SEARCH_USER_PATHS = NO;
				CLANG_CXX_LANGUAGE_STANDARD = "gnu++0x";
				CLANG_CXX_LIBRARY = "libc++";
				CLANG_ENABLE_MODULES = YES;
				CLANG_ENABLE_OBJC_ARC = YES;
				CLANG_WARN_BOOL_CONVERSION = YES;
				CLANG_WARN_CONSTANT_CONVERSION = YES;
				CLANG_WARN_DIRECT_OBJC_ISA_USAGE = YES_ERROR;
				CLANG_WARN_EMPTY_BODY = YES;
				CLANG_WARN_ENUM_CONVERSION = YES;
				CLANG_WARN_INT_CONVERSION = YES;
				CLANG_WARN_OBJC_ROOT_CLASS = YES_ERROR;
				CLANG_WARN_UNREACHABLE_CODE = YES;
				CLANG_WARN__DUPLICATE_METHOD_MATCH = YES;
				"CODE_SIGN_IDENTITY[sdk=iphoneos*]" = "iPhone Developer";
				COPY_PHASE_STRIP = NO;
				ENABLE_STRICT_OBJC_MSGSEND = YES;
				GCC_C_LANGUAGE_STANDARD = gnu99;
				GCC_DYNAMIC_NO_PIC = NO;
				GCC_OPTIMIZATION_LEVEL = 0;
				GCC_PREPROCESSOR_DEFINITIONS = (
					"DEBUG=1",
					"$(inherited)",
				);
				GCC_SYMBOLS_PRIVATE_EXTERN = NO;
				GCC_WARN_64_TO_32_BIT_CONVERSION = YES;
				GCC_WARN_ABOUT_RETURN_TYPE = YES_ERROR;
				GCC_WARN_UNDECLARED_SELECTOR = YES;
				GCC_WARN_UNINITIALIZED_AUTOS = YES_AGGRESSIVE;
				GCC_WARN_UNUSED_FUNCTION = YES;
				GCC_WARN_UNUSED_VARIABLE = YES;
				IPHONEOS_DEPLOYMENT_TARGET = 8.0;
				MTL_ENABLE_DEBUG_INFO = YES;
				ONLY_ACTIVE_ARCH = YES;
				SDKROOT = iphoneos;
				SWIFT_OPTIMIZATION_LEVEL = "-Onone";
				TARGETED_DEVICE_FAMILY = "1,2";
			};
			name = Debug;
		};
		3EA4C35519898CDC006A2AA0 /* Release */ = {
			isa = XCBuildConfiguration;
			buildSettings = {
				ALWAYS_SEARCH_USER_PATHS = NO;
				CLANG_CXX_LANGUAGE_STANDARD = "gnu++0x";
				CLANG_CXX_LIBRARY = "libc++";
				CLANG_ENABLE_MODULES = YES;
				CLANG_ENABLE_OBJC_ARC = YES;
				CLANG_WARN_BOOL_CONVERSION = YES;
				CLANG_WARN_CONSTANT_CONVERSION = YES;
				CLANG_WARN_DIRECT_OBJC_ISA_USAGE = YES_ERROR;
				CLANG_WARN_EMPTY_BODY = YES;
				CLANG_WARN_ENUM_CONVERSION = YES;
				CLANG_WARN_INT_CONVERSION = YES;
				CLANG_WARN_OBJC_ROOT_CLASS = YES_ERROR;
				CLANG_WARN_UNREACHABLE_CODE = YES;
				CLANG_WARN__DUPLICATE_METHOD_MATCH = YES;
				"CODE_SIGN_IDENTITY[sdk=iphoneos*]" = "iPhone Developer";
				COPY_PHASE_STRIP = YES;
				ENABLE_NS_ASSERTIONS = NO;
				ENABLE_STRICT_OBJC_MSGSEND = YES;
				GCC_C_LANGUAGE_STANDARD = gnu99;
				GCC_WARN_64_TO_32_BIT_CONVERSION = YES;
				GCC_WARN_ABOUT_RETURN_TYPE = YES_ERROR;
				GCC_WARN_UNDECLARED_SELECTOR = YES;
				GCC_WARN_UNINITIALIZED_AUTOS = YES_AGGRESSIVE;
				GCC_WARN_UNUSED_FUNCTION = YES;
				GCC_WARN_UNUSED_VARIABLE = YES;
				IPHONEOS_DEPLOYMENT_TARGET = 8.0;
				MTL_ENABLE_DEBUG_INFO = NO;
				SDKROOT = iphoneos;
				TARGETED_DEVICE_FAMILY = "1,2";
				VALIDATE_PRODUCT = YES;
			};
			name = Release;
		};
		3EA4C35719898CDC006A2AA0 /* Debug */ = {
			isa = XCBuildConfiguration;
			buildSettings = {
				ASSETCATALOG_COMPILER_APPICON_NAME = AppIcon;
				ASSETCATALOG_COMPILER_LAUNCHIMAGE_NAME = LaunchImage;
				FRAMEWORK_SEARCH_PATHS = "$(HOME)/Library/SDKs/ArcGIS/iOS/";
				INFOPLIST_FILE = MyFirstMapApp/Info.plist;
				IPHONEOS_DEPLOYMENT_TARGET = 7.1;
				LD_RUNPATH_SEARCH_PATHS = "$(inherited) @executable_path/Frameworks";
				OTHER_LDFLAGS = (
					"-ObjC",
					"-framework",
					ArcGIS,
					"-l",
					"c++",
				);
				PRODUCT_NAME = BasemapSwiftTutorial;
			};
			name = Debug;
		};
		3EA4C35819898CDC006A2AA0 /* Release */ = {
			isa = XCBuildConfiguration;
			buildSettings = {
				ASSETCATALOG_COMPILER_APPICON_NAME = AppIcon;
				ASSETCATALOG_COMPILER_LAUNCHIMAGE_NAME = LaunchImage;
				FRAMEWORK_SEARCH_PATHS = "$(HOME)/Library/SDKs/ArcGIS/iOS/";
				INFOPLIST_FILE = MyFirstMapApp/Info.plist;
				IPHONEOS_DEPLOYMENT_TARGET = 7.1;
				LD_RUNPATH_SEARCH_PATHS = "$(inherited) @executable_path/Frameworks";
				OTHER_LDFLAGS = (
					"-ObjC",
					"-framework",
					ArcGIS,
					"-l",
					"c++",
				);
				PRODUCT_NAME = BasemapSwiftTutorial;
			};
			name = Release;
		};
/* End XCBuildConfiguration section */

/* Begin XCConfigurationList section */
		3EA4C33519898CDC006A2AA0 /* Build configuration list for PBXProject "MyFirstMapApp" */ = {
			isa = XCConfigurationList;
			buildConfigurations = (
				3EA4C35419898CDC006A2AA0 /* Debug */,
				3EA4C35519898CDC006A2AA0 /* Release */,
			);
			defaultConfigurationIsVisible = 0;
			defaultConfigurationName = Release;
		};
		3EA4C35619898CDC006A2AA0 /* Build configuration list for PBXNativeTarget "MyFirstMapApp" */ = {
			isa = XCConfigurationList;
			buildConfigurations = (
				3EA4C35719898CDC006A2AA0 /* Debug */,
				3EA4C35819898CDC006A2AA0 /* Release */,
			);
			defaultConfigurationIsVisible = 0;
			defaultConfigurationName = Release;
		};
/* End XCConfigurationList section */
	};
	rootObject = 3EA4C33219898CDC006A2AA0 /* Project object */;
}
